{
  "pins" : [
    {
      "identity" : "banubaarcloudsdk-ios",
      "kind" : "remoteSourceControl",
      "location" : "https://github.com/Banuba/BanubaARCloudSDK-IOS.git",
      "state" : {
        "revision" : "7cd621e0825a33f35a6662d710fd30d6dba47171",
        "version" : "1.26.3-alpha"
      }
    },
    {
      "identity" : "banubaaudiobrowsersdk-ios",
      "kind" : "remoteSourceControl",
      "location" : "https://github.com/Banuba/BanubaAudioBrowserSDK-iOS.git",
      "state" : {
        "revision" : "33e73725067667c1f621a82d2f0aeb9efa2c9ef1",
        "version" : "1.26.3-alpha"
      }
    },
    {
      "identity" : "banubaeffectplayer-ios",
      "kind" : "remoteSourceControl",
      "location" : "https://github.com/Banuba/BanubaEffectPlayer-iOS.git",
      "state" : {
        "revision" : "fd7e297398b5ba1259699dcc43357ddb447d1694",
        "version" : "1.26.3-alpha"
      }
    },
    {
      "identity" : "banubalicenseservicingsdk",
      "kind" : "remoteSourceControl",
      "location" : "https://github.com/Banuba/BanubaLicenseServicingSDK.git",
      "state" : {
        "revision" : "f73285243d4a958743aeeb3504e7d9d052af081b",
        "version" : "1.26.3-alpha"
      }
    },
    {
      "identity" : "banubamusiceditorsdk-ios",
      "kind" : "remoteSourceControl",
      "location" : "https://github.com/Banuba/BanubaMusicEditorSDK-iOS.git",
      "state" : {
        "revision" : "598a41844ef1c634da4f06b8161d932d0c4008b3",
        "version" : "1.26.3-alpha"
      }
    },
    {
      "identity" : "banubaoverlayeditorsdk-ios",
      "kind" : "remoteSourceControl",
      "location" : "https://github.com/Banuba/BanubaOverlayEditorSDK-iOS.git",
      "state" : {
        "revision" : "4e9fe6362b089b3993fbcc025d4f90d18a4afd7c",
        "version" : "1.26.3-alpha"
      }
    },
    {
      "identity" : "banubasdk-ios",
      "kind" : "remoteSourceControl",
      "location" : "https://github.com/Banuba/BanubaSDK-iOS.git",
      "state" : {
        "revision" : "b8214082e9eaae6dd3844c5050788bca88e0f8a2",
        "version" : "1.26.3-alpha"
      }
    },
    {
      "identity" : "banubasdkservicing-ios",
      "kind" : "remoteSourceControl",
      "location" : "https://github.com/Banuba/BanubaSDKServicing-iOS.git",
      "state" : {
        "revision" : "0247e99158c83e63d8d5e911eb1d20b7a8b3b708",
        "version" : "1.26.3-alpha"
      }
    },
    {
      "identity" : "banubasdksimple-ios",
      "kind" : "remoteSourceControl",
      "location" : "https://github.com/Banuba/BanubaSDKSimple-IOS.git",
      "state" : {
        "revision" : "b62168fd34ba167f9fcef3d7a12699d1db4ddd1c",
        "version" : "1.26.3-alpha"
      }
    },
    {
      "identity" : "banubautilities-ios",
      "kind" : "remoteSourceControl",
      "location" : "https://github.com/Banuba/BanubaUtilities-iOS.git",
      "state" : {
        "revision" : "f4e1d79464e98132c4e02aa4e27c3cc9a29a380a",
        "version" : "1.26.3-alpha"
      }
    },
    {
      "identity" : "banubavideoeditorgallerysdk",
      "kind" : "remoteSourceControl",
      "location" : "https://github.com/Banuba/BanubaVideoEditorGallerySDK.git",
      "state" : {
        "revision" : "1f6c9970f600596ab55ef00f562a01dd19e9547d",
        "version" : "1.26.3-alpha"
      }
    },
    {
      "identity" : "banubavideoeditorsdk-ios",
      "kind" : "remoteSourceControl",
      "location" : "https://github.com/Banuba/BanubaVideoEditorSDK-iOS.git",
      "state" : {
        "revision" : "daad9b719620766cd0b84c58183429ff73c8d24e",
        "version" : "1.26.3-alpha"
      }
    },
    {
      "identity" : "banubavideoeditortrimsdk-ios",
      "kind" : "remoteSourceControl",
      "location" : "https://github.com/Banuba/BanubaVideoEditorTrimSDK-iOS.git",
      "state" : {
        "revision" : "0abefff079a45e8b1251e9a981e995c3000ec5ca",
        "version" : "1.26.3-alpha"
      }
    },
    {
      "identity" : "bnblicenseutils-ios",
      "kind" : "remoteSourceControl",
      "location" : "https://github.com/Banuba/BNBLicenseUtils-iOS.git",
      "state" : {
        "revision" : "131c48c7ad7610d729faeb449bad83d6ead42ba9",
        "version" : "1.26.3-alpha"
      }
    },
    {
      "identity" : "bsimagepicker",
      "kind" : "remoteSourceControl",
      "location" : "https://github.com/mikaoj/BSImagePicker",
      "state" : {
        "revision" : "750f26abd0fafbcc4124adef436251888a7c962a",
        "version" : "3.3.1"
      }
    },
    {
      "identity" : "lottie-ios",
      "kind" : "remoteSourceControl",
      "location" : "https://github.com/airbnb/lottie-ios",
      "state" : {
        "revision" : "b4bd0604ded9574807f41b4004b57dd1226a30a4",
        "version" : "3.5.0"
      }
    },
    {
      "identity" : "spm",
      "kind" : "remoteSourceControl",
      "location" : "https://github.com/Banuba/spm",
      "state" : {
        "revision" : "072312a7275031aaed24a800d978e749791b3dd0",
        "version" : "1.26.3-alpha"
      }
    },
    {
      "identity" : "veeffectssdk-ios",
      "kind" : "remoteSourceControl",
      "location" : "https://github.com/Banuba/VEEffectsSDK-iOS.git",
      "state" : {
        "revision" : "2d09886d6494951e9483fa06a912bf6494c50274",
        "version" : "1.26.3-alpha"
      }
    },
    {
      "identity" : "veexportsdk-ios",
      "kind" : "remoteSourceControl",
      "location" : "https://github.com/Banuba/VEExportSDK-iOS.git",
      "state" : {
        "revision" : "7f20ee140fe2d73ec4de207add5b751e63726227",
        "version" : "1.26.3-alpha"
      }
    },
    {
      "identity" : "veplaybacksdk-ios",
      "kind" : "remoteSourceControl",
      "location" : "https://github.com/Banuba/VEPlaybackSDK-iOS.git",
      "state" : {
        "revision" : "fe2c54b6f4d5065b55a5944eb6d5de1735205395",
        "version" : "1.26.3-alpha"
      }
    },
    {
      "identity" : "videoeditor-ios",
      "kind" : "remoteSourceControl",
      "location" : "https://github.com/Banuba/VideoEditor-iOS.git",
      "state" : {
        "revision" : "ab4f362bbcd8bd51b341b88c3d17cbde49516788",
        "version" : "1.26.3-alpha"
      }
    }
  ],
  "version" : 2
}
